
Microsoft Visual Studio Solution File, Format Version 12.00
# Visual Studio Version 17
VisualStudioVersion = 17.4.33110.190
MinimumVisualStudioVersion = 10.0.40219.1
Project("{FAE04EC0-301F-11D3-BF4B-00C04F79EFBC}") = "Proiect IS", "Proiect IS.csproj", "{70D940C5-6B59-426B-8DCD-8053D9A84160}"
EndProject
Global
	GlobalSection(SolutionConfigurationPlatforms) = preSolution
		Debug|Any CPU = Debug|Any CPU
		Release|Any CPU = Release|Any CPU
	EndGlobalSection
	GlobalSection(ProjectConfigurationPlatforms) = postSolution
		{70D940C5-6B59-426B-8DCD-8053D9A84160}.Debug|Any CPU.ActiveCfg = Debug|Any CPU
		{70D940C5-6B59-426B-8DCD-8053D9A84160}.Debug|Any CPU.Build.0 = Debug|Any CPU
		{70D940C5-6B59-426B-8DCD-8053D9A84160}.Release|Any CPU.ActiveCfg = Release|Any CPU
		{70D940C5-6B59-426B-8DCD-8053D9A84160}.Release|Any CPU.Build.0 = Release|Any CPU
	EndGlobalSection
	GlobalSection(SolutionProperties) = preSolution
		HideSolutionNode = FALSE
	EndGlobalSection
	GlobalSection(ExtensibilityGlobals) = postSolution
		SolutionGuid = {C609B2B5-DD19-4749-9B04-6895375C5120}
	EndGlobalSection
EndGlobal
